# @generated by Move, please check-in and do not edit manually.

[move]
version = 3
manifest_digest = "45436576340F5C1F4A1C61255CE7361DA7EB462E9AF04ADDFE637769BB2BA220"
deps_digest = "F8BBB0CCB2491CA29A3DF03D6F92277A4F3574266507ACD77214D37ECA3F3082"
dependencies = [
  { id = "Sui", name = "Sui" },
]

[[move.package]]
id = "MoveStdlib"
source = { git = "https://github.com/MystenLabs/sui.git", rev = "framework/testnet", subdir = "crates\\sui-framework\\packages\\move-stdlib" }

[[move.package]]
id = "Sui"
source = { git = "https://github.com/MystenLabs/sui.git", rev = "framework/testnet", subdir = "crates/sui-framework/packages/sui-framework" }

dependencies = [
  { id = "MoveStdlib", name = "MoveStdlib" },
]

[move.toolchain-version]
compiler-version = "1.57.0"
edition = "2024.beta"
flavor = "sui"

[env]

[env.testnet]
chain-id = "4c78adac"
original-published-id = "0x3ff0560be54b1c1f29a5d27d302f5dc7fb50305f90e4158d9b1d07f2c892d4f0"
latest-published-id = "0x3ff0560be54b1c1f29a5d27d302f5dc7fb50305f90e4158d9b1d07f2c892d4f0"
published-version = "1"
